
Microsoft Visual Studio Solution File, Format Version 12.00
# Visual Studio 2013
VisualStudioVersion = 12.0.30723.0
MinimumVisualStudioVersion = 10.0.40219.1
Project("{FAE04EC0-301F-11D3-BF4B-00C04F79EFBC}") = "GameOfLife.Core", "GameOfLife.Core\GameOfLife.Core.csproj", "{53CDF78F-E9A7-46D3-BF5C-24677051B447}"
EndProject
Project("{FAE04EC0-301F-11D3-BF4B-00C04F79EFBC}") = "GameOfLife.Core.Tests", "GameOfLife.Core.Tests\GameOfLife.Core.Tests.csproj", "{B099D075-983E-4C50-BA9E-959434865908}"
EndProject
Project("{FAE04EC0-301F-11D3-BF4B-00C04F79EFBC}") = "GameOfLife.Console", "GameOfLife.Console\GameOfLife.Console.csproj", "{5A80F213-A619-4A6D-A92A-A55038C9412C}"
EndProject
Global
	GlobalSection(SolutionConfigurationPlatforms) = preSolution
		Debug|Any CPU = Debug|Any CPU
		Release|Any CPU = Release|Any CPU
	EndGlobalSection
	GlobalSection(ProjectConfigurationPlatforms) = postSolution
		{53CDF78F-E9A7-46D3-BF5C-24677051B447}.Debug|Any CPU.ActiveCfg = Debug|Any CPU
		{53CDF78F-E9A7-46D3-BF5C-24677051B447}.Debug|Any CPU.Build.0 = Debug|Any CPU
		{53CDF78F-E9A7-46D3-BF5C-24677051B447}.Release|Any CPU.ActiveCfg = Release|Any CPU
		{53CDF78F-E9A7-46D3-BF5C-24677051B447}.Release|Any CPU.Build.0 = Release|Any CPU
		{B099D075-983E-4C50-BA9E-959434865908}.Debug|Any CPU.ActiveCfg = Debug|Any CPU
		{B099D075-983E-4C50-BA9E-959434865908}.Debug|Any CPU.Build.0 = Debug|Any CPU
		{B099D075-983E-4C50-BA9E-959434865908}.Release|Any CPU.ActiveCfg = Release|Any CPU
		{B099D075-983E-4C50-BA9E-959434865908}.Release|Any CPU.Build.0 = Release|Any CPU
		{5A80F213-A619-4A6D-A92A-A55038C9412C}.Debug|Any CPU.ActiveCfg = Debug|Any CPU
		{5A80F213-A619-4A6D-A92A-A55038C9412C}.Debug|Any CPU.Build.0 = Debug|Any CPU
		{5A80F213-A619-4A6D-A92A-A55038C9412C}.Release|Any CPU.ActiveCfg = Release|Any CPU
		{5A80F213-A619-4A6D-A92A-A55038C9412C}.Release|Any CPU.Build.0 = Release|Any CPU
	EndGlobalSection
	GlobalSection(SolutionProperties) = preSolution
		HideSolutionNode = FALSE
	EndGlobalSection
EndGlobal
